
Microsoft Visual Studio Solution File, Format Version 10.00
# Visual Studio 2008
Project("{8BC9CEB8-8B4A-11D0-8D11-00A0C91BC942}") = "1034", "1034\1034.vcproj", "{331F9858-B85D-463C-B4D8-C0C47EF95A9F}"
EndProject
Global
	GlobalSection(SolutionConfigurationPlatforms) = preSolution
		Debug|Win32 = Debug|Win32
		Release|Win32 = Release|Win32
	EndGlobalSection
	GlobalSection(ProjectConfigurationPlatforms) = postSolution
		{331F9858-B85D-463C-B4D8-C0C47EF95A9F}.Debug|Win32.ActiveCfg = Debug|Win32
		{331F9858-B85D-463C-B4D8-C0C47EF95A9F}.Debug|Win32.Build.0 = Debug|Win32
		{331F9858-B85D-463C-B4D8-C0C47EF95A9F}.Release|Win32.ActiveCfg = Release|Win32
		{331F9858-B85D-463C-B4D8-C0C47EF95A9F}.Release|Win32.Build.0 = Release|Win32
	EndGlobalSection
	GlobalSection(SolutionProperties) = preSolution
		HideSolutionNode = FALSE
	EndGlobalSection
EndGlobal
