
Microsoft Visual Studio Solution File, Format Version 10.00
# Visual Studio 2008
Project("{8BC9CEB8-8B4A-11D0-8D11-00A0C91BC942}") = "1027", "1027\1027.vcproj", "{3622B59B-E0D1-4EF2-86AC-7E8518A2680E}"
EndProject
Global
	GlobalSection(SolutionConfigurationPlatforms) = preSolution
		Debug|Win32 = Debug|Win32
		Release|Win32 = Release|Win32
	EndGlobalSection
	GlobalSection(ProjectConfigurationPlatforms) = postSolution
		{3622B59B-E0D1-4EF2-86AC-7E8518A2680E}.Debug|Win32.ActiveCfg = Debug|Win32
		{3622B59B-E0D1-4EF2-86AC-7E8518A2680E}.Debug|Win32.Build.0 = Debug|Win32
		{3622B59B-E0D1-4EF2-86AC-7E8518A2680E}.Release|Win32.ActiveCfg = Release|Win32
		{3622B59B-E0D1-4EF2-86AC-7E8518A2680E}.Release|Win32.Build.0 = Release|Win32
	EndGlobalSection
	GlobalSection(SolutionProperties) = preSolution
		HideSolutionNode = FALSE
	EndGlobalSection
EndGlobal
