
Microsoft Visual Studio Solution File, Format Version 10.00
# Visual Studio 2008
Project("{8BC9CEB8-8B4A-11D0-8D11-00A0C91BC942}") = "1033", "1033\1033.vcproj", "{838DDDAD-12D6-48F6-A768-2159E1F72321}"
EndProject
Global
	GlobalSection(SolutionConfigurationPlatforms) = preSolution
		Debug|Win32 = Debug|Win32
		Release|Win32 = Release|Win32
	EndGlobalSection
	GlobalSection(ProjectConfigurationPlatforms) = postSolution
		{838DDDAD-12D6-48F6-A768-2159E1F72321}.Debug|Win32.ActiveCfg = Debug|Win32
		{838DDDAD-12D6-48F6-A768-2159E1F72321}.Debug|Win32.Build.0 = Debug|Win32
		{838DDDAD-12D6-48F6-A768-2159E1F72321}.Release|Win32.ActiveCfg = Release|Win32
		{838DDDAD-12D6-48F6-A768-2159E1F72321}.Release|Win32.Build.0 = Release|Win32
	EndGlobalSection
	GlobalSection(SolutionProperties) = preSolution
		HideSolutionNode = FALSE
	EndGlobalSection
EndGlobal
