
Microsoft Visual Studio Solution File, Format Version 10.00
# Visual Studio 2008
Project("{8BC9CEB8-8B4A-11D0-8D11-00A0C91BC942}") = "1023", "1023\1023.vcproj", "{48BBB653-95C8-433E-86C8-17380FE04034}"
EndProject
Global
	GlobalSection(SolutionConfigurationPlatforms) = preSolution
		Debug|Win32 = Debug|Win32
		Release|Win32 = Release|Win32
	EndGlobalSection
	GlobalSection(ProjectConfigurationPlatforms) = postSolution
		{48BBB653-95C8-433E-86C8-17380FE04034}.Debug|Win32.ActiveCfg = Debug|Win32
		{48BBB653-95C8-433E-86C8-17380FE04034}.Debug|Win32.Build.0 = Debug|Win32
		{48BBB653-95C8-433E-86C8-17380FE04034}.Release|Win32.ActiveCfg = Release|Win32
		{48BBB653-95C8-433E-86C8-17380FE04034}.Release|Win32.Build.0 = Release|Win32
	EndGlobalSection
	GlobalSection(SolutionProperties) = preSolution
		HideSolutionNode = FALSE
	EndGlobalSection
EndGlobal
